
Microsoft Visual Studio Solution File, Format Version 12.00
Project("{FAE04EC0-301F-11D3-BF4B-00C04F79EFBC}") = "MiniGameSharp.ConsoleApp", "MiniGameSharp.ConsoleApp\MiniGameSharp.ConsoleApp.csproj", "{3B79EE1A-AD68-4BEF-8093-3CF670B328D4}"
EndProject
Project("{FAE04EC0-301F-11D3-BF4B-00C04F79EFBC}") = "MiniGameSharp", "MiniGameSharp\MiniGameSharp.csproj", "{F95F83AE-D496-49BB-82B3-602AF072E9E0}"
EndProject
Project("{FAE04EC0-301F-11D3-BF4B-00C04F79EFBC}") = "MiniGameSharp.Tests", "MiniGameSharp.Tests\MiniGameSharp.Tests.csproj", "{61FA290C-FA31-4428-B95F-4FD66CE8B565}"
EndProject
Global
	GlobalSection(SolutionConfigurationPlatforms) = preSolution
		Debug|Any CPU = Debug|Any CPU
		Release|Any CPU = Release|Any CPU
	EndGlobalSection
	GlobalSection(ProjectConfigurationPlatforms) = postSolution
		{3B79EE1A-AD68-4BEF-8093-3CF670B328D4}.Debug|Any CPU.ActiveCfg = Debug|Any CPU
		{3B79EE1A-AD68-4BEF-8093-3CF670B328D4}.Debug|Any CPU.Build.0 = Debug|Any CPU
		{3B79EE1A-AD68-4BEF-8093-3CF670B328D4}.Release|Any CPU.ActiveCfg = Release|Any CPU
		{3B79EE1A-AD68-4BEF-8093-3CF670B328D4}.Release|Any CPU.Build.0 = Release|Any CPU
		{F95F83AE-D496-49BB-82B3-602AF072E9E0}.Debug|Any CPU.ActiveCfg = Debug|Any CPU
		{F95F83AE-D496-49BB-82B3-602AF072E9E0}.Debug|Any CPU.Build.0 = Debug|Any CPU
		{F95F83AE-D496-49BB-82B3-602AF072E9E0}.Release|Any CPU.ActiveCfg = Release|Any CPU
		{F95F83AE-D496-49BB-82B3-602AF072E9E0}.Release|Any CPU.Build.0 = Release|Any CPU
		{61FA290C-FA31-4428-B95F-4FD66CE8B565}.Debug|Any CPU.ActiveCfg = Debug|Any CPU
		{61FA290C-FA31-4428-B95F-4FD66CE8B565}.Debug|Any CPU.Build.0 = Debug|Any CPU
		{61FA290C-FA31-4428-B95F-4FD66CE8B565}.Release|Any CPU.ActiveCfg = Release|Any CPU
		{61FA290C-FA31-4428-B95F-4FD66CE8B565}.Release|Any CPU.Build.0 = Release|Any CPU
	EndGlobalSection
EndGlobal
